// !$*UTF8*$!
{
	archiveVersion = 1;
	classes = {
	};
	objectVersion = 50;
	objects = {

/* Begin PBXBuildFile section */
		40FF715422BA08AF006C9878 /* AppDelegate.swift in Sources */ = {isa = PBXBuildFile; fileRef = 40FF715322BA08AF006C9878 /* AppDelegate.swift */; };
		40FF715622BA08AF006C9878 /* SceneDelegate.swift in Sources */ = {isa = PBXBuildFile; fileRef = 40FF715522BA08AF006C9878 /* SceneDelegate.swift */; };
		40FF715822BA08AF006C9878 /* ContentView.swift in Sources */ = {isa = PBXBuildFile; fileRef = 40FF715722BA08AF006C9878 /* ContentView.swift */; };
		40FF715A22BA08B0006C9878 /* Assets.xcassets in Resources */ = {isa = PBXBuildFile; fileRef = 40FF715922BA08B0006C9878 /* Assets.xcassets */; };
		40FF715D22BA08B0006C9878 /* Preview Assets.xcassets in Resources */ = {isa = PBXBuildFile; fileRef = 40FF715C22BA08B0006C9878 /* Preview Assets.xcassets */; };
		40FF716022BA08B0006C9878 /* LaunchScreen.storyboard in Resources */ = {isa = PBXBuildFile; fileRef = 40FF715E22BA08B0006C9878 /* LaunchScreen.storyboard */; };
		40FF716922BA0A77006C9878 /* TabView.swift in Sources */ = {isa = PBXBuildFile; fileRef = 40FF716822BA0A77006C9878 /* TabView.swift */; };
		40FF716B22BA0BC7006C9878 /* Item.swift in Sources */ = {isa = PBXBuildFile; fileRef = 40FF716A22BA0BC7006C9878 /* Item.swift */; };
/* End PBXBuildFile section */

/* Begin PBXFileReference section */
		40FF715022BA08AF006C9878 /* Catalyst_SwiftUI.app */ = {isa = PBXFileReference; explicitFileType = wrapper.application; includeInIndex = 0; path = Catalyst_SwiftUI.app; sourceTree = BUILT_PRODUCTS_DIR; };
		40FF715322BA08AF006C9878 /* AppDelegate.swift */ = {isa = PBXFileReference; lastKnownFileType = sourcecode.swift; path = AppDelegate.swift; sourceTree = "<group>"; };
		40FF715522BA08AF006C9878 /* SceneDelegate.swift */ = {isa = PBXFileReference; lastKnownFileType = sourcecode.swift; path = SceneDelegate.swift; sourceTree = "<group>"; };
		40FF715722BA08AF006C9878 /* ContentView.swift */ = {isa = PBXFileReference; lastKnownFileType = sourcecode.swift; path = ContentView.swift; sourceTree = "<group>"; };
		40FF715922BA08B0006C9878 /* Assets.xcassets */ = {isa = PBXFileReference; lastKnownFileType = folder.assetcatalog; path = Assets.xcassets; sourceTree = "<group>"; };
		40FF715C22BA08B0006C9878 /* Preview Assets.xcassets */ = {isa = PBXFileReference; lastKnownFileType = folder.assetcatalog; path = "Preview Assets.xcassets"; sourceTree = "<group>"; };
		40FF715F22BA08B0006C9878 /* Base */ = {isa = PBXFileReference; lastKnownFileType = file.storyboard; name = Base; path = Base.lproj/LaunchScreen.storyboard; sourceTree = "<group>"; };
		40FF716122BA08B0006C9878 /* Info.plist */ = {isa = PBXFileReference; lastKnownFileType = text.plist.xml; path = Info.plist; sourceTree = "<group>"; };
		40FF716722BA08C0006C9878 /* Catalyst_SwiftUI.entitlements */ = {isa = PBXFileReference; lastKnownFileType = text.plist.entitlements; path = Catalyst_SwiftUI.entitlements; sourceTree = "<group>"; };
		40FF716822BA0A77006C9878 /* TabView.swift */ = {isa = PBXFileReference; lastKnownFileType = sourcecode.swift; path = TabView.swift; sourceTree = "<group>"; };
		40FF716A22BA0BC7006C9878 /* Item.swift */ = {isa = PBXFileReference; lastKnownFileType = sourcecode.swift; path = Item.swift; sourceTree = "<group>"; };
/* End PBXFileReference section */

/* Begin PBXFrameworksBuildPhase section */
		40FF714D22BA08AF006C9878 /* Frameworks */ = {
			isa = PBXFrameworksBuildPhase;
			buildActionMask = 2147483647;
			files = (
			);
			runOnlyForDeploymentPostprocessing = 0;
		};
/* End PBXFrameworksBuildPhase section */

/* Begin PBXGroup section */
		40FF714722BA08AF006C9878 = {
			isa = PBXGroup;
			children = (
				40FF715222BA08AF006C9878 /* Catalyst_SwiftUI */,
				40FF715122BA08AF006C9878 /* Products */,
			);
			sourceTree = "<group>";
		};
		40FF715122BA08AF006C9878 /* Products */ = {
			isa = PBXGroup;
			children = (
				40FF715022BA08AF006C9878 /* Catalyst_SwiftUI.app */,
			);
			name = Products;
			sourceTree = "<group>";
		};
		40FF715222BA08AF006C9878 /* Catalyst_SwiftUI */ = {
			isa = PBXGroup;
			children = (
				40FF716722BA08C0006C9878 /* Catalyst_SwiftUI.entitlements */,
				40FF715322BA08AF006C9878 /* AppDelegate.swift */,
				40FF715522BA08AF006C9878 /* SceneDelegate.swift */,
				40FF715722BA08AF006C9878 /* ContentView.swift */,
				40FF716822BA0A77006C9878 /* TabView.swift */,
				40FF715922BA08B0006C9878 /* Assets.xcassets */,
				40FF715E22BA08B0006C9878 /* LaunchScreen.storyboard */,
				40FF716122BA08B0006C9878 /* Info.plist */,
				40FF715B22BA08B0006C9878 /* Preview Content */,
				40FF716A22BA0BC7006C9878 /* Item.swift */,
			);
			path = Catalyst_SwiftUI;
			sourceTree = "<group>";
		};
		40FF715B22BA08B0006C9878 /* Preview Content */ = {
			isa = PBXGroup;
			children = (
				40FF715C22BA08B0006C9878 /* Preview Assets.xcassets */,
			);
			path = "Preview Content";
			sourceTree = "<group>";
		};
/* End PBXGroup section */

/* Begin PBXNativeTarget section */
		40FF714F22BA08AF006C9878 /* Catalyst_SwiftUI */ = {
			isa = PBXNativeTarget;
			buildConfigurationList = 40FF716422BA08B0006C9878 /* Build configuration list for PBXNativeTarget "Catalyst_SwiftUI" */;
			buildPhases = (
				40FF714C22BA08AF006C9878 /* Sources */,
				40FF714D22BA08AF006C9878 /* Frameworks */,
				40FF714E22BA08AF006C9878 /* Resources */,
			);
			buildRules = (
			);
			dependencies = (
			);
			name = Catalyst_SwiftUI;
			productName = Catalyst_SwiftUI;
			productReference = 40FF715022BA08AF006C9878 /* Catalyst_SwiftUI.app */;
			productType = "com.apple.product-type.application";
		};
/* End PBXNativeTarget section */

/* Begin PBXProject section */
		40FF714822BA08AF006C9878 /* Project object */ = {
			isa = PBXProject;
			attributes = {
				LastSwiftUpdateCheck = 1100;
				LastUpgradeCheck = 1100;
				ORGANIZATIONNAME = xp_team;
				TargetAttributes = {
					40FF714F22BA08AF006C9878 = {
						CreatedOnToolsVersion = 11.0;
					};
				};
			};
			buildConfigurationList = 40FF714B22BA08AF006C9878 /* Build configuration list for PBXProject "Catalyst_SwiftUI" */;
			compatibilityVersion = "Xcode 9.3";
			developmentRegion = en;
			hasScannedForEncodings = 0;
			knownRegions = (
				en,
				Base,
			);
			mainGroup = 40FF714722BA08AF006C9878;
			productRefGroup = 40FF715122BA08AF006C9878 /* Products */;
			projectDirPath = "";
			projectRoot = "";
			targets = (
				40FF714F22BA08AF006C9878 /* Catalyst_SwiftUI */,
			);
		};
/* End PBXProject section */

/* Begin PBXResourcesBuildPhase section */
		40FF714E22BA08AF006C9878 /* Resources */ = {
			isa = PBXResourcesBuildPhase;
			buildActionMask = 2147483647;
			files = (
				40FF716022BA08B0006C9878 /* LaunchScreen.storyboard in Resources */,
				40FF715D22BA08B0006C9878 /* Preview Assets.xcassets in Resources */,
				40FF715A22BA08B0006C9878 /* Assets.xcassets in Resources */,
			);
			runOnlyForDeploymentPostprocessing = 0;
		};
/* End PBXResourcesBuildPhase section */

/* Begin PBXSourcesBuildPhase section */
		40FF714C22BA08AF006C9878 /* Sources */ = {
			isa = PBXSourcesBuildPhase;
			buildActionMask = 2147483647;
			files = (
				40FF716B22BA0BC7006C9878 /* Item.swift in Sources */,
				40FF715422BA08AF006C9878 /* AppDelegate.swift in Sources */,
				40FF715622BA08AF006C9878 /* SceneDelegate.swift in Sources */,
				40FF716922BA0A77006C9878 /* TabView.swift in Sources */,
				40FF715822BA08AF006C9878 /* ContentView.swift in Sources */,
			);
			runOnlyForDeploymentPostprocessing = 0;
		};
/* End PBXSourcesBuildPhase section */

/* Begin PBXVariantGroup section */
		40FF715E22BA08B0006C9878 /* LaunchScreen.storyboard */ = {
			isa = PBXVariantGroup;
			children = (
				40FF715F22BA08B0006C9878 /* Base */,
			);
			name = LaunchScreen.storyboard;
			sourceTree = "<group>";
		};
/* End PBXVariantGroup section */

/* Begin XCBuildConfiguration section */
		40FF716222BA08B0006C9878 /* Debug */ = {
			isa = XCBuildConfiguration;
			buildSettings = {
				ALWAYS_SEARCH_USER_PATHS = NO;
				CLANG_ANALYZER_NONNULL = YES;
				CLANG_ANALYZER_NUMBER_OBJECT_CONVERSION = YES_AGGRESSIVE;
				CLANG_CXX_LANGUAGE_STANDARD = "gnu++14";
				CLANG_CXX_LIBRARY = "libc++";
				CLANG_ENABLE_MODULES = YES;
				CLANG_ENABLE_OBJC_ARC = YES;
				CLANG_ENABLE_OBJC_WEAK = YES;
				CLANG_WARN_BLOCK_CAPTURE_AUTORELEASING = YES;
				CLANG_WARN_BOOL_CONVERSION = YES;
				CLANG_WARN_COMMA = YES;
				CLANG_WARN_CONSTANT_CONVERSION = YES;
				CLANG_WARN_DEPRECATED_OBJC_IMPLEMENTATIONS = YES;
				CLANG_WARN_DIRECT_OBJC_ISA_USAGE = YES_ERROR;
				CLANG_WARN_DOCUMENTATION_COMMENTS = YES;
				CLANG_WARN_EMPTY_BODY = YES;
				CLANG_WARN_ENUM_CONVERSION = YES;
				CLANG_WARN_INFINITE_RECURSION = YES;
				CLANG_WARN_INT_CONVERSION = YES;
				CLANG_WARN_NON_LITERAL_NULL_CONVERSION = YES;
				CLANG_WARN_OBJC_IMPLICIT_RETAIN_SELF = YES;
				CLANG_WARN_OBJC_LITERAL_CONVERSION = YES;
				CLANG_WARN_OBJC_ROOT_CLASS = YES_ERROR;
				CLANG_WARN_RANGE_LOOP_ANALYSIS = YES;
				CLANG_WARN_STRICT_PROTOTYPES = YES;
				CLANG_WARN_SUSPICIOUS_MOVE = YES;
				CLANG_WARN_UNGUARDED_AVAILABILITY = YES_AGGRESSIVE;
				CLANG_WARN_UNREACHABLE_CODE = YES;
				CLANG_WARN__DUPLICATE_METHOD_MATCH = YES;
				COPY_PHASE_STRIP = NO;
				DEBUG_INFORMATION_FORMAT = dwarf;
				ENABLE_STRICT_OBJC_MSGSEND = YES;
				ENABLE_TESTABILITY = YES;
				GCC_C_LANGUAGE_STANDARD = gnu11;
				GCC_DYNAMIC_NO_PIC = NO;
				GCC_NO_COMMON_BLOCKS = YES;
				GCC_OPTIMIZATION_LEVEL = 0;
				GCC_PREPROCESSOR_DEFINITIONS = (
					"DEBUG=1",
					"$(inherited)",
				);
				GCC_WARN_64_TO_32_BIT_CONVERSION = YES;
				GCC_WARN_ABOUT_RETURN_TYPE = YES_ERROR;
				GCC_WARN_UNDECLARED_SELECTOR = YES;
				GCC_WARN_UNINITIALIZED_AUTOS = YES_AGGRESSIVE;
				GCC_WARN_UNUSED_FUNCTION = YES;
				GCC_WARN_UNUSED_VARIABLE = YES;
				IPHONEOS_DEPLOYMENT_TARGET = 13.0;
				MTL_ENABLE_DEBUG_INFO = INCLUDE_SOURCE;
				MTL_FAST_MATH = YES;
				ONLY_ACTIVE_ARCH = YES;
				SDKROOT = iphoneos;
				SWIFT_ACTIVE_COMPILATION_CONDITIONS = DEBUG;
				SWIFT_OPTIMIZATION_LEVEL = "-Onone";
			};
			name = Debug;
		};
		40FF716322BA08B0006C9878 /* Release */ = {
			isa = XCBuildConfiguration;
			buildSettings = {
				ALWAYS_SEARCH_USER_PATHS = NO;
				CLANG_ANALYZER_NONNULL = YES;
				CLANG_ANALYZER_NUMBER_OBJECT_CONVERSION = YES_AGGRESSIVE;
				CLANG_CXX_LANGUAGE_STANDARD = "gnu++14";
				CLANG_CXX_LIBRARY = "libc++";
				CLANG_ENABLE_MODULES = YES;
				CLANG_ENABLE_OBJC_ARC = YES;
				CLANG_ENABLE_OBJC_WEAK = YES;
				CLANG_WARN_BLOCK_CAPTURE_AUTORELEASING = YES;
				CLANG_WARN_BOOL_CONVERSION = YES;
				CLANG_WARN_COMMA = YES;
				CLANG_WARN_CONSTANT_CONVERSION = YES;
				CLANG_WARN_DEPRECATED_OBJC_IMPLEMENTATIONS = YES;
				CLANG_WARN_DIRECT_OBJC_ISA_USAGE = YES_ERROR;
				CLANG_WARN_DOCUMENTATION_COMMENTS = YES;
				CLANG_WARN_EMPTY_BODY = YES;
				CLANG_WARN_ENUM_CONVERSION = YES;
				CLANG_WARN_INFINITE_RECURSION = YES;
				CLANG_WARN_INT_CONVERSION = YES;
				CLANG_WARN_NON_LITERAL_NULL_CONVERSION = YES;
				CLANG_WARN_OBJC_IMPLICIT_RETAIN_SELF = YES;
				CLANG_WARN_OBJC_LITERAL_CONVERSION = YES;
				CLANG_WARN_OBJC_ROOT_CLASS = YES_ERROR;
				CLANG_WARN_RANGE_LOOP_ANALYSIS = YES;
				CLANG_WARN_STRICT_PROTOTYPES = YES;
				CLANG_WARN_SUSPICIOUS_MOVE = YES;
				CLANG_WARN_UNGUARDED_AVAILABILITY = YES_AGGRESSIVE;
				CLANG_WARN_UNREACHABLE_CODE = YES;
				CLANG_WARN__DUPLICATE_METHOD_MATCH = YES;
				COPY_PHASE_STRIP = NO;
				DEBUG_INFORMATION_FORMAT = "dwarf-with-dsym";
				ENABLE_NS_ASSERTIONS = NO;
				ENABLE_STRICT_OBJC_MSGSEND = YES;
				GCC_C_LANGUAGE_STANDARD = gnu11;
				GCC_NO_COMMON_BLOCKS = YES;
				GCC_WARN_64_TO_32_BIT_CONVERSION = YES;
				GCC_WARN_ABOUT_RETURN_TYPE = YES_ERROR;
				GCC_WARN_UNDECLARED_SELECTOR = YES;
				GCC_WARN_UNINITIALIZED_AUTOS = YES_AGGRESSIVE;
				GCC_WARN_UNUSED_FUNCTION = YES;
				GCC_WARN_UNUSED_VARIABLE = YES;
				IPHONEOS_DEPLOYMENT_TARGET = 13.0;
				MTL_ENABLE_DEBUG_INFO = NO;
				MTL_FAST_MATH = YES;
				SDKROOT = iphoneos;
				SWIFT_COMPILATION_MODE = wholemodule;
				SWIFT_OPTIMIZATION_LEVEL = "-O";
				VALIDATE_PRODUCT = YES;
			};
			name = Release;
		};
		40FF716522BA08B0006C9878 /* Debug */ = {
			isa = XCBuildConfiguration;
			buildSettings = {
				ASSETCATALOG_COMPILER_APPICON_NAME = AppIcon;
				CODE_SIGN_ENTITLEMENTS = Catalyst_SwiftUI/Catalyst_SwiftUI.entitlements;
				CODE_SIGN_STYLE = Automatic;
				DERIVE_UIKITFORMAC_PRODUCT_BUNDLE_IDENTIFIER = YES;
				DEVELOPMENT_ASSET_PATHS = "Catalyst_SwiftUI/Preview\\ Content";
				DEVELOPMENT_TEAM = R83WVEY5YL;
				ENABLE_PREVIEWS = YES;
				INFOPLIST_FILE = Catalyst_SwiftUI/Info.plist;
				LD_RUNPATH_SEARCH_PATHS = (
					"$(inherited)",
					"@executable_path/Frameworks",
				);
				PRODUCT_BUNDLE_IDENTIFIER = "com.menonomoto.Catalyst-SwiftUI";
				PRODUCT_NAME = "$(TARGET_NAME)";
				SUPPORTS_UIKITFORMAC = YES;
				SWIFT_VERSION = 5.0;
				TARGETED_DEVICE_FAMILY = "1,2";
			};
			name = Debug;
		};
		40FF716622BA08B0006C9878 /* Release */ = {
			isa = XCBuildConfiguration;
			buildSettings = {
				ASSETCATALOG_COMPILER_APPICON_NAME = AppIcon;
				CODE_SIGN_ENTITLEMENTS = Catalyst_SwiftUI/Catalyst_SwiftUI.entitlements;
				CODE_SIGN_STYLE = Automatic;
				DERIVE_UIKITFORMAC_PRODUCT_BUNDLE_IDENTIFIER = YES;
				DEVELOPMENT_ASSET_PATHS = "Catalyst_SwiftUI/Preview\\ Content";
				DEVELOPMENT_TEAM = R83WVEY5YL;
				ENABLE_PREVIEWS = YES;
				INFOPLIST_FILE = Catalyst_SwiftUI/Info.plist;
				LD_RUNPATH_SEARCH_PATHS = (
					"$(inherited)",
					"@executable_path/Frameworks",
				);
				PRODUCT_BUNDLE_IDENTIFIER = "com.menonomoto.Catalyst-SwiftUI";
				PRODUCT_NAME = "$(TARGET_NAME)";
				SUPPORTS_UIKITFORMAC = YES;
				SWIFT_VERSION = 5.0;
				TARGETED_DEVICE_FAMILY = "1,2";
			};
			name = Release;
		};
/* End XCBuildConfiguration section */

/* Begin XCConfigurationList section */
		40FF714B22BA08AF006C9878 /* Build configuration list for PBXProject "Catalyst_SwiftUI" */ = {
			isa = XCConfigurationList;
			buildConfigurations = (
				40FF716222BA08B0006C9878 /* Debug */,
				40FF716322BA08B0006C9878 /* Release */,
			);
			defaultConfigurationIsVisible = 0;
			defaultConfigurationName = Release;
		};
		40FF716422BA08B0006C9878 /* Build configuration list for PBXNativeTarget "Catalyst_SwiftUI" */ = {
			isa = XCConfigurationList;
			buildConfigurations = (
				40FF716522BA08B0006C9878 /* Debug */,
				40FF716622BA08B0006C9878 /* Release */,
			);
			defaultConfigurationIsVisible = 0;
			defaultConfigurationName = Release;
		};
/* End XCConfigurationList section */
	};
	rootObject = 40FF714822BA08AF006C9878 /* Project object */;
}
